
Microsoft Visual Studio Solution File, Format Version 12.00
# Visual Studio Version 17
VisualStudioVersion = 17.8.34309.116
MinimumVisualStudioVersion = 10.0.40219.1
Project("{2150E333-8FDC-42A3-9474-1A3956D46DE8}") = "Source", "Source", "{4DC3DA0E-92C1-42BF-A09E-86C4CE3A36A1}"
EndProject
Project("{2150E333-8FDC-42A3-9474-1A3956D46DE8}") = "Web", "Web", "{907B30E9-3449-48C7-8F37-B05602407109}"
EndProject
Project("{2150E333-8FDC-42A3-9474-1A3956D46DE8}") = "Services", "Services", "{17A4CC7B-C887-41B0-8CC6-8E7C3B4FFD93}"
EndProject
Project("{2150E333-8FDC-42A3-9474-1A3956D46DE8}") = "Build", "Build", "{DDC17D3A-C411-4CB1-B27F-1E2262CAB209}"
EndProject
Project("{9A19103F-16F7-4668-BE54-9A1E7A4F7556}") = "Bargeh.Sms.Api", "Source\Services\Bargeh.SMS.API\Bargeh.Sms.Api.csproj", "{51BA5F48-BEB7-4FDF-8F75-BDE1DB752676}"
EndProject
Project("{9A19103F-16F7-4668-BE54-9A1E7A4F7556}") = "Bargeh.Users.Api", "Source\Services\Bargeh.Users.API\Bargeh.Users.Api.csproj", "{C05837D2-F10A-4B5E-895A-D360D05A68C0}"
EndProject
Project("{9A19103F-16F7-4668-BE54-9A1E7A4F7556}") = "Bargeh.Identity.Api", "Source\Services\Bargeh.Identity.API\Bargeh.Identity.Api.csproj", "{46580017-92B2-4419-BE6F-F5297DB22FE0}"
EndProject
Project("{9A19103F-16F7-4668-BE54-9A1E7A4F7556}") = "Bargeh.Users.Api.Tests", "Source\Services\Bargeh.Users.Api.Tests\Bargeh.Users.Api.Tests.csproj", "{BA424CD5-5118-4C8B-9B5B-A738CEC5935E}"
EndProject
Project("{9A19103F-16F7-4668-BE54-9A1E7A4F7556}") = "Bargeh.Aspire.AppHost", "Source\Build\Bargeh.Aspire.AppHost\Bargeh.Aspire.AppHost.csproj", "{4652F113-F9E3-42C5-B602-B47DFB11673B}"
EndProject
Project("{9A19103F-16F7-4668-BE54-9A1E7A4F7556}") = "Bargeh.Aspire.ServiceDefaults", "Source\Build\Bargeh.Aspire.ServiceDefaults\Bargeh.Aspire.ServiceDefaults.csproj", "{ABEC4E9C-E758-4A7C-B459-D91A5A942811}"
EndProject
Project("{9A19103F-16F7-4668-BE54-9A1E7A4F7556}") = "Bargeh.Main.Wapp", "Source\Web\Bargeh.Main.Wapp\Bargeh.Main.Wapp.csproj", "{7F777A39-4B76-4B7B-A184-A9DA6F2D10D1}"
EndProject
Project("{9A19103F-16F7-4668-BE54-9A1E7A4F7556}") = "Bargeh.Main.Wapp.Client", "Source\Web\Bargeh.Main.Wapp.Client\Bargeh.Main.Wapp.Client.csproj", "{5081056B-6C68-4959-919B-09E7A22AD3D7}"
EndProject
Project("{FAE04EC0-301F-11D3-BF4B-00C04F79EFBC}") = "Bargeh.Identity.Api.Tests", "Source\Services\Bargeh.Identity.Api.Tests\Bargeh.Identity.Api.Tests.csproj", "{DF1A8669-110C-45AD-8B95-EF746E1DF27E}"
EndProject
Project("{2150E333-8FDC-42A3-9474-1A3956D46DE8}") = "Tests", "Tests", "{8624FD5E-94CA-4DFE-9C05-ED9957B2FCEF}"
EndProject
Project("{FAE04EC0-301F-11D3-BF4B-00C04F79EFBC}") = "Bargeh.Tests.Shared", "Bargeh.Tests.Shared\Bargeh.Tests.Shared.csproj", "{DD10638F-037C-4099-92C5-E9FEFD72619B}"
EndProject
Global
	GlobalSection(SolutionConfigurationPlatforms) = preSolution
		Debug|Any CPU = Debug|Any CPU
		Release|Any CPU = Release|Any CPU
	EndGlobalSection
	GlobalSection(ProjectConfigurationPlatforms) = postSolution
		{51BA5F48-BEB7-4FDF-8F75-BDE1DB752676}.Debug|Any CPU.ActiveCfg = Debug|Any CPU
		{51BA5F48-BEB7-4FDF-8F75-BDE1DB752676}.Debug|Any CPU.Build.0 = Debug|Any CPU
		{51BA5F48-BEB7-4FDF-8F75-BDE1DB752676}.Release|Any CPU.ActiveCfg = Release|Any CPU
		{51BA5F48-BEB7-4FDF-8F75-BDE1DB752676}.Release|Any CPU.Build.0 = Release|Any CPU
		{C05837D2-F10A-4B5E-895A-D360D05A68C0}.Debug|Any CPU.ActiveCfg = Debug|Any CPU
		{C05837D2-F10A-4B5E-895A-D360D05A68C0}.Debug|Any CPU.Build.0 = Debug|Any CPU
		{C05837D2-F10A-4B5E-895A-D360D05A68C0}.Release|Any CPU.ActiveCfg = Release|Any CPU
		{C05837D2-F10A-4B5E-895A-D360D05A68C0}.Release|Any CPU.Build.0 = Release|Any CPU
		{46580017-92B2-4419-BE6F-F5297DB22FE0}.Debug|Any CPU.ActiveCfg = Debug|Any CPU
		{46580017-92B2-4419-BE6F-F5297DB22FE0}.Debug|Any CPU.Build.0 = Debug|Any CPU
		{46580017-92B2-4419-BE6F-F5297DB22FE0}.Release|Any CPU.ActiveCfg = Release|Any CPU
		{46580017-92B2-4419-BE6F-F5297DB22FE0}.Release|Any CPU.Build.0 = Release|Any CPU
		{BA424CD5-5118-4C8B-9B5B-A738CEC5935E}.Debug|Any CPU.ActiveCfg = Debug|Any CPU
		{BA424CD5-5118-4C8B-9B5B-A738CEC5935E}.Debug|Any CPU.Build.0 = Debug|Any CPU
		{BA424CD5-5118-4C8B-9B5B-A738CEC5935E}.Release|Any CPU.ActiveCfg = Release|Any CPU
		{BA424CD5-5118-4C8B-9B5B-A738CEC5935E}.Release|Any CPU.Build.0 = Release|Any CPU
		{4652F113-F9E3-42C5-B602-B47DFB11673B}.Debug|Any CPU.ActiveCfg = Debug|Any CPU
		{4652F113-F9E3-42C5-B602-B47DFB11673B}.Debug|Any CPU.Build.0 = Debug|Any CPU
		{4652F113-F9E3-42C5-B602-B47DFB11673B}.Release|Any CPU.ActiveCfg = Release|Any CPU
		{4652F113-F9E3-42C5-B602-B47DFB11673B}.Release|Any CPU.Build.0 = Release|Any CPU
		{ABEC4E9C-E758-4A7C-B459-D91A5A942811}.Debug|Any CPU.ActiveCfg = Debug|Any CPU
		{ABEC4E9C-E758-4A7C-B459-D91A5A942811}.Debug|Any CPU.Build.0 = Debug|Any CPU
		{ABEC4E9C-E758-4A7C-B459-D91A5A942811}.Release|Any CPU.ActiveCfg = Release|Any CPU
		{ABEC4E9C-E758-4A7C-B459-D91A5A942811}.Release|Any CPU.Build.0 = Release|Any CPU
		{7F777A39-4B76-4B7B-A184-A9DA6F2D10D1}.Debug|Any CPU.ActiveCfg = Debug|Any CPU
		{7F777A39-4B76-4B7B-A184-A9DA6F2D10D1}.Debug|Any CPU.Build.0 = Debug|Any CPU
		{7F777A39-4B76-4B7B-A184-A9DA6F2D10D1}.Release|Any CPU.ActiveCfg = Release|Any CPU
		{7F777A39-4B76-4B7B-A184-A9DA6F2D10D1}.Release|Any CPU.Build.0 = Release|Any CPU
		{5081056B-6C68-4959-919B-09E7A22AD3D7}.Debug|Any CPU.ActiveCfg = Debug|Any CPU
		{5081056B-6C68-4959-919B-09E7A22AD3D7}.Debug|Any CPU.Build.0 = Debug|Any CPU
		{5081056B-6C68-4959-919B-09E7A22AD3D7}.Release|Any CPU.ActiveCfg = Release|Any CPU
		{5081056B-6C68-4959-919B-09E7A22AD3D7}.Release|Any CPU.Build.0 = Release|Any CPU
		{DF1A8669-110C-45AD-8B95-EF746E1DF27E}.Debug|Any CPU.ActiveCfg = Debug|Any CPU
		{DF1A8669-110C-45AD-8B95-EF746E1DF27E}.Debug|Any CPU.Build.0 = Debug|Any CPU
		{DF1A8669-110C-45AD-8B95-EF746E1DF27E}.Release|Any CPU.ActiveCfg = Release|Any CPU
		{DF1A8669-110C-45AD-8B95-EF746E1DF27E}.Release|Any CPU.Build.0 = Release|Any CPU
		{DD10638F-037C-4099-92C5-E9FEFD72619B}.Debug|Any CPU.ActiveCfg = Debug|Any CPU
		{DD10638F-037C-4099-92C5-E9FEFD72619B}.Debug|Any CPU.Build.0 = Debug|Any CPU
		{DD10638F-037C-4099-92C5-E9FEFD72619B}.Release|Any CPU.ActiveCfg = Release|Any CPU
		{DD10638F-037C-4099-92C5-E9FEFD72619B}.Release|Any CPU.Build.0 = Release|Any CPU
	EndGlobalSection
	GlobalSection(SolutionProperties) = preSolution
		HideSolutionNode = FALSE
	EndGlobalSection
	GlobalSection(NestedProjects) = preSolution
		{907B30E9-3449-48C7-8F37-B05602407109} = {4DC3DA0E-92C1-42BF-A09E-86C4CE3A36A1}
		{17A4CC7B-C887-41B0-8CC6-8E7C3B4FFD93} = {4DC3DA0E-92C1-42BF-A09E-86C4CE3A36A1}
		{DDC17D3A-C411-4CB1-B27F-1E2262CAB209} = {4DC3DA0E-92C1-42BF-A09E-86C4CE3A36A1}
		{51BA5F48-BEB7-4FDF-8F75-BDE1DB752676} = {17A4CC7B-C887-41B0-8CC6-8E7C3B4FFD93}
		{C05837D2-F10A-4B5E-895A-D360D05A68C0} = {17A4CC7B-C887-41B0-8CC6-8E7C3B4FFD93}
		{46580017-92B2-4419-BE6F-F5297DB22FE0} = {17A4CC7B-C887-41B0-8CC6-8E7C3B4FFD93}
		{BA424CD5-5118-4C8B-9B5B-A738CEC5935E} = {8624FD5E-94CA-4DFE-9C05-ED9957B2FCEF}
		{4652F113-F9E3-42C5-B602-B47DFB11673B} = {DDC17D3A-C411-4CB1-B27F-1E2262CAB209}
		{ABEC4E9C-E758-4A7C-B459-D91A5A942811} = {DDC17D3A-C411-4CB1-B27F-1E2262CAB209}
		{7F777A39-4B76-4B7B-A184-A9DA6F2D10D1} = {907B30E9-3449-48C7-8F37-B05602407109}
		{5081056B-6C68-4959-919B-09E7A22AD3D7} = {907B30E9-3449-48C7-8F37-B05602407109}
		{DF1A8669-110C-45AD-8B95-EF746E1DF27E} = {8624FD5E-94CA-4DFE-9C05-ED9957B2FCEF}
		{8624FD5E-94CA-4DFE-9C05-ED9957B2FCEF} = {17A4CC7B-C887-41B0-8CC6-8E7C3B4FFD93}
		{DD10638F-037C-4099-92C5-E9FEFD72619B} = {8624FD5E-94CA-4DFE-9C05-ED9957B2FCEF}
	EndGlobalSection
	GlobalSection(ExtensibilityGlobals) = postSolution
		SolutionGuid = {111713D6-2B48-486B-8146-1C0C44639E16}
	EndGlobalSection
EndGlobal
