
Microsoft Visual Studio Solution File, Format Version 12.00
# Visual Studio Version 17
VisualStudioVersion = 17.8.34309.116
MinimumVisualStudioVersion = 10.0.40219.1
Project("{2150E333-8FDC-42A3-9474-1A3956D46DE8}") = "Source", "Source", "{4DC3DA0E-92C1-42BF-A09E-86C4CE3A36A1}"
EndProject
Project("{2150E333-8FDC-42A3-9474-1A3956D46DE8}") = "Web", "Web", "{907B30E9-3449-48C7-8F37-B05602407109}"
EndProject
Project("{9A19103F-16F7-4668-BE54-9A1E7A4F7556}") = "Bargeh.Main.Wapp", "Source\Web\Bargeh.Main.Wapp\Bargeh.Main.Wapp\Bargeh.Main.Wapp.csproj", "{69567B56-6A51-4A79-B3CC-C59878B8234A}"
EndProject
Project("{9A19103F-16F7-4668-BE54-9A1E7A4F7556}") = "Bargeh.Main.Wapp.Client", "Source\Web\Bargeh.Main.Wapp\Bargeh.Main.Wapp.Client\Bargeh.Main.Wapp.Client.csproj", "{7B8F9634-6EB5-4324-AC16-58A7ADB986EF}"
EndProject
Project("{2150E333-8FDC-42A3-9474-1A3956D46DE8}") = "Services", "Services", "{17A4CC7B-C887-41B0-8CC6-8E7C3B4FFD93}"
EndProject
Project("{2150E333-8FDC-42A3-9474-1A3956D46DE8}") = "Build", "Build", "{DDC17D3A-C411-4CB1-B27F-1E2262CAB209}"
EndProject
Project("{9A19103F-16F7-4668-BE54-9A1E7A4F7556}") = "Bargeh.Aspire.AppHost", "Source\Bargeh.Aspire\Bargeh.Aspire.AppHost\Bargeh.Aspire.AppHost.csproj", "{9F446B1E-B5E4-4955-8B9E-54293FE00940}"
EndProject
Project("{9A19103F-16F7-4668-BE54-9A1E7A4F7556}") = "Bargeh.Aspire.ServiceDefaults", "Source\Bargeh.Aspire\Bargeh.Aspire.ServiceDefaults\Bargeh.Aspire.ServiceDefaults.csproj", "{0F8F85BE-44CA-4E99-96F9-2F2AE322BCDF}"
EndProject
Project("{9A19103F-16F7-4668-BE54-9A1E7A4F7556}") = "Bargeh.SMS.API", "Source\Services\Bargeh.SMS.API\Bargeh.SMS.API.csproj", "{51BA5F48-BEB7-4FDF-8F75-BDE1DB752676}"
EndProject
Project("{9A19103F-16F7-4668-BE54-9A1E7A4F7556}") = "Bargeh.Users.API", "Source\Services\Bargeh.Users.API\Bargeh.Users.API.csproj", "{C05837D2-F10A-4B5E-895A-D360D05A68C0}"
EndProject
Global
	GlobalSection(SolutionConfigurationPlatforms) = preSolution
		Debug|Any CPU = Debug|Any CPU
		Release|Any CPU = Release|Any CPU
	EndGlobalSection
	GlobalSection(ProjectConfigurationPlatforms) = postSolution
		{69567B56-6A51-4A79-B3CC-C59878B8234A}.Debug|Any CPU.ActiveCfg = Debug|Any CPU
		{69567B56-6A51-4A79-B3CC-C59878B8234A}.Debug|Any CPU.Build.0 = Debug|Any CPU
		{69567B56-6A51-4A79-B3CC-C59878B8234A}.Release|Any CPU.ActiveCfg = Release|Any CPU
		{69567B56-6A51-4A79-B3CC-C59878B8234A}.Release|Any CPU.Build.0 = Release|Any CPU
		{7B8F9634-6EB5-4324-AC16-58A7ADB986EF}.Debug|Any CPU.ActiveCfg = Debug|Any CPU
		{7B8F9634-6EB5-4324-AC16-58A7ADB986EF}.Debug|Any CPU.Build.0 = Debug|Any CPU
		{7B8F9634-6EB5-4324-AC16-58A7ADB986EF}.Release|Any CPU.ActiveCfg = Release|Any CPU
		{7B8F9634-6EB5-4324-AC16-58A7ADB986EF}.Release|Any CPU.Build.0 = Release|Any CPU
		{9F446B1E-B5E4-4955-8B9E-54293FE00940}.Debug|Any CPU.ActiveCfg = Debug|Any CPU
		{9F446B1E-B5E4-4955-8B9E-54293FE00940}.Debug|Any CPU.Build.0 = Debug|Any CPU
		{9F446B1E-B5E4-4955-8B9E-54293FE00940}.Release|Any CPU.ActiveCfg = Release|Any CPU
		{9F446B1E-B5E4-4955-8B9E-54293FE00940}.Release|Any CPU.Build.0 = Release|Any CPU
		{0F8F85BE-44CA-4E99-96F9-2F2AE322BCDF}.Debug|Any CPU.ActiveCfg = Debug|Any CPU
		{0F8F85BE-44CA-4E99-96F9-2F2AE322BCDF}.Debug|Any CPU.Build.0 = Debug|Any CPU
		{0F8F85BE-44CA-4E99-96F9-2F2AE322BCDF}.Release|Any CPU.ActiveCfg = Release|Any CPU
		{0F8F85BE-44CA-4E99-96F9-2F2AE322BCDF}.Release|Any CPU.Build.0 = Release|Any CPU
		{51BA5F48-BEB7-4FDF-8F75-BDE1DB752676}.Debug|Any CPU.ActiveCfg = Debug|Any CPU
		{51BA5F48-BEB7-4FDF-8F75-BDE1DB752676}.Debug|Any CPU.Build.0 = Debug|Any CPU
		{51BA5F48-BEB7-4FDF-8F75-BDE1DB752676}.Release|Any CPU.ActiveCfg = Release|Any CPU
		{51BA5F48-BEB7-4FDF-8F75-BDE1DB752676}.Release|Any CPU.Build.0 = Release|Any CPU
		{C05837D2-F10A-4B5E-895A-D360D05A68C0}.Debug|Any CPU.ActiveCfg = Debug|Any CPU
		{C05837D2-F10A-4B5E-895A-D360D05A68C0}.Debug|Any CPU.Build.0 = Debug|Any CPU
		{C05837D2-F10A-4B5E-895A-D360D05A68C0}.Release|Any CPU.ActiveCfg = Release|Any CPU
		{C05837D2-F10A-4B5E-895A-D360D05A68C0}.Release|Any CPU.Build.0 = Release|Any CPU
	EndGlobalSection
	GlobalSection(SolutionProperties) = preSolution
		HideSolutionNode = FALSE
	EndGlobalSection
	GlobalSection(NestedProjects) = preSolution
		{907B30E9-3449-48C7-8F37-B05602407109} = {4DC3DA0E-92C1-42BF-A09E-86C4CE3A36A1}
		{69567B56-6A51-4A79-B3CC-C59878B8234A} = {907B30E9-3449-48C7-8F37-B05602407109}
		{7B8F9634-6EB5-4324-AC16-58A7ADB986EF} = {907B30E9-3449-48C7-8F37-B05602407109}
		{17A4CC7B-C887-41B0-8CC6-8E7C3B4FFD93} = {4DC3DA0E-92C1-42BF-A09E-86C4CE3A36A1}
		{DDC17D3A-C411-4CB1-B27F-1E2262CAB209} = {4DC3DA0E-92C1-42BF-A09E-86C4CE3A36A1}
		{9F446B1E-B5E4-4955-8B9E-54293FE00940} = {DDC17D3A-C411-4CB1-B27F-1E2262CAB209}
		{0F8F85BE-44CA-4E99-96F9-2F2AE322BCDF} = {DDC17D3A-C411-4CB1-B27F-1E2262CAB209}
		{51BA5F48-BEB7-4FDF-8F75-BDE1DB752676} = {17A4CC7B-C887-41B0-8CC6-8E7C3B4FFD93}
		{C05837D2-F10A-4B5E-895A-D360D05A68C0} = {17A4CC7B-C887-41B0-8CC6-8E7C3B4FFD93}
	EndGlobalSection
	GlobalSection(ExtensibilityGlobals) = postSolution
		SolutionGuid = {111713D6-2B48-486B-8146-1C0C44639E16}
	EndGlobalSection
EndGlobal
